
Microsoft Visual Studio Solution File, Format Version 12.00
# Visual Studio Version 17
VisualStudioVersion = 17.10.35122.118
MinimumVisualStudioVersion = 10.0.40219.1
Project("{FAE04EC0-301F-11D3-BF4B-00C04F79EFBC}") = "AshmawyX", "AshmawyX.csproj", "{EFF793C2-EC6B-4A41-BD6D-F86C143A2072}"
EndProject
Global
	GlobalSection(SolutionConfigurationPlatforms) = preSolution
		Debug|Any CPU = Debug|Any CPU
		Release|Any CPU = Release|Any CPU
	EndGlobalSection
	GlobalSection(ProjectConfigurationPlatforms) = postSolution
		{EFF793C2-EC6B-4A41-BD6D-F86C143A2072}.Debug|Any CPU.ActiveCfg = Debug|Any CPU
		{EFF793C2-EC6B-4A41-BD6D-F86C143A2072}.Debug|Any CPU.Build.0 = Debug|Any CPU
		{EFF793C2-EC6B-4A41-BD6D-F86C143A2072}.Release|Any CPU.ActiveCfg = Release|Any CPU
		{EFF793C2-EC6B-4A41-BD6D-F86C143A2072}.Release|Any CPU.Build.0 = Release|Any CPU
	EndGlobalSection
	GlobalSection(SolutionProperties) = preSolution
		HideSolutionNode = FALSE
	EndGlobalSection
	GlobalSection(ExtensibilityGlobals) = postSolution
		SolutionGuid = {72C6288D-A2AA-49BB-B020-1818524E19D4}
	EndGlobalSection
EndGlobal
